Microsoft Visual Studio Solution File, Format Version 12.00
# Visual Studio Version 17
VisualStudioVersion = 17.5.2.0
MinimumVisualStudioVersion = 10.0.40219.1
Project("{FAE04EC0-301F-11D3-BF4B-00C04F79EFBC}") = "GorIsleMVC", "GorIsleMVC.csproj", "{D731A379-432A-FF67-9CE6-AAEF52561382}"
EndProject
Global
	GlobalSection(SolutionConfigurationPlatforms) = preSolution
		Debug|Any CPU = Debug|Any CPU
		Release|Any CPU = Release|Any CPU
	EndGlobalSection
	GlobalSection(ProjectConfigurationPlatforms) = postSolution
		{D731A379-432A-FF67-9CE6-AAEF52561382}.Debug|Any CPU.ActiveCfg = Debug|Any CPU
		{D731A379-432A-FF67-9CE6-AAEF52561382}.Debug|Any CPU.Build.0 = Debug|Any CPU
		{D731A379-432A-FF67-9CE6-AAEF52561382}.Release|Any CPU.ActiveCfg = Release|Any CPU
		{D731A379-432A-FF67-9CE6-AAEF52561382}.Release|Any CPU.Build.0 = Release|Any CPU
	EndGlobalSection
	GlobalSection(SolutionProperties) = preSolution
		HideSolutionNode = FALSE
	EndGlobalSection
	GlobalSection(ExtensibilityGlobals) = postSolution
		SolutionGuid = {F7CD18A2-951D-4FA1-9429-809A6E2F1540}
	EndGlobalSection
EndGlobal
